{
  "nodes": {
    "disko": {
      "inputs": {
        "nixpkgs": [
          "nixpkgs"
        ]
      },
      "locked": {
        "lastModified": 1777713215,
        "narHash": "sha256-8GzXDOXckDWwST8TY5DbwYFjdvQLlP7K9CLSVx6iTTo=",
        "owner": "nix-community",
        "repo": "disko",
        "rev": "63b4e7e6cf75307c1d26ac3762b886b5b0247267",
        "type": "github"
      },
      "original": {
        "owner": "nix-community",
        "repo": "disko",
        "type": "github"
      }
    },
    "impermanence": {
      "inputs": {
        "home-manager": [],
        "nixpkgs": []
      },
      "locked": {
        "lastModified": 1769548169,
        "narHash": "sha256-03+JxvzmfwRu+5JafM0DLbxgHttOQZkUtDWBmeUkN8Y=",
        "owner": "nix-community",
        "repo": "impermanence",
        "rev": "7b1d382faf603b6d264f58627330f9faa5cba149",
        "type": "github"
      },
      "original": {
        "owner": "nix-community",
        "repo": "impermanence",
        "type": "github"
      }
    },
    "keys_a0xz": {
      "flake": false,
      "locked": {
        "narHash": "sha256-vl5gFbEHmXnfUb+B9LmIpyD3ZoeSWkFrnG1V2N3rGCY=",
        "type": "file",
        "url": "https://github.com/a0xz.keys"
      },
      "original": {
        "type": "file",
        "url": "https://github.com/a0xz.keys"
      }
    },
    "keys_nico": {
      "flake": false,
      "locked": {
        "narHash": "sha256-8MFDmrpZ5kngiWwqiMUjAYMdbdJCruCI6YEJvkyPMTU=",
        "type": "file",
        "url": "https://github.com/dr460nf1r3.keys"
      },
      "original": {
        "type": "file",
        "url": "https://github.com/dr460nf1r3.keys"
      }
    },
    "keys_tne": {
      "flake": false,
      "locked": {
        "narHash": "sha256-xGvQO9/6BV6DcfXg6jY6jTkaUDMa/HQBEj3hauJ0um8=",
        "type": "file",
        "url": "https://github.com/justtne.keys"
      },
      "original": {
        "type": "file",
        "url": "https://github.com/justtne.keys"
      }
    },
    "nixpkgs": {
      "locked": {
        "lastModified": 1778443072,
        "narHash": "sha256-zi7/fsqM/kFdNuED//4WOCUtezGtKKqRNORjMvfwjnA=",
        "owner": "NixOS",
        "repo": "nixpkgs",
        "rev": "da5ad661ba4e5ef59ba743f0d112cbc30e474f32",
        "type": "github"
      },
      "original": {
        "owner": "NixOS",
        "ref": "nixos-unstable",
        "repo": "nixpkgs",
        "type": "github"
      }
    },
    "root": {
      "inputs": {
        "disko": "disko",
        "impermanence": "impermanence",
        "keys_a0xz": "keys_a0xz",
        "keys_nico": "keys_nico",
        "keys_tne": "keys_tne",
        "nixpkgs": "nixpkgs"
      }
    }
  },
  "root": "root",
  "version": 7
}
